
Microsoft Visual Studio Solution File, Format Version 12.00
# Visual Studio Version 17
VisualStudioVersion = 17.4.33213.308
MinimumVisualStudioVersion = 10.0.40219.1
Project("{9A19103F-16F7-4668-BE54-9A1E7A4F7556}") = "BlazzingTicTacToe", "BlazzingTicTacToe\BlazzingTicTacToe.csproj", "{1E2FC450-F276-4E7E-B839-5FEB470D67D6}"
EndProject
Global
	GlobalSection(SolutionConfigurationPlatforms) = preSolution
		Debug|Any CPU = Debug|Any CPU
		Release|Any CPU = Release|Any CPU
	EndGlobalSection
	GlobalSection(ProjectConfigurationPlatforms) = postSolution
		{1E2FC450-F276-4E7E-B839-5FEB470D67D6}.Debug|Any CPU.ActiveCfg = Debug|Any CPU
		{1E2FC450-F276-4E7E-B839-5FEB470D67D6}.Debug|Any CPU.Build.0 = Debug|Any CPU
		{1E2FC450-F276-4E7E-B839-5FEB470D67D6}.Release|Any CPU.ActiveCfg = Release|Any CPU
		{1E2FC450-F276-4E7E-B839-5FEB470D67D6}.Release|Any CPU.Build.0 = Release|Any CPU
	EndGlobalSection
	GlobalSection(SolutionProperties) = preSolution
		HideSolutionNode = FALSE
	EndGlobalSection
	GlobalSection(ExtensibilityGlobals) = postSolution
		SolutionGuid = {B4A6D0AB-6E67-449E-B870-3A585C4EAAF9}
	EndGlobalSection
EndGlobal
